
Microsoft Visual Studio Solution File, Format Version 12.00
Project("{FAE04EC0-301F-11D3-BF4B-00C04F79EFBC}") = "backend-dotnet", "backend-dotnet\backend-dotnet.csproj", "{1B6241BD-4EDA-4B59-AD49-5164DEC010C4}"
EndProject
Project("{FAE04EC0-301F-11D3-BF4B-00C04F79EFBC}") = "backend-dotnet-tests", "backend-dotnet-tests\backend-dotnet-tests.csproj", "{26035FC2-BCEA-400B-9D3D-43C2D2844517}"
EndProject
Global
	GlobalSection(SolutionConfigurationPlatforms) = preSolution
		Debug|Any CPU = Debug|Any CPU
		Release|Any CPU = Release|Any CPU
	EndGlobalSection
	GlobalSection(ProjectConfigurationPlatforms) = postSolution
		{1B6241BD-4EDA-4B59-AD49-5164DEC010C4}.Debug|Any CPU.ActiveCfg = Debug|Any CPU
		{1B6241BD-4EDA-4B59-AD49-5164DEC010C4}.Debug|Any CPU.Build.0 = Debug|Any CPU
		{1B6241BD-4EDA-4B59-AD49-5164DEC010C4}.Release|Any CPU.ActiveCfg = Release|Any CPU
		{1B6241BD-4EDA-4B59-AD49-5164DEC010C4}.Release|Any CPU.Build.0 = Release|Any CPU
		{26035FC2-BCEA-400B-9D3D-43C2D2844517}.Debug|Any CPU.ActiveCfg = Debug|Any CPU
		{26035FC2-BCEA-400B-9D3D-43C2D2844517}.Debug|Any CPU.Build.0 = Debug|Any CPU
		{26035FC2-BCEA-400B-9D3D-43C2D2844517}.Release|Any CPU.ActiveCfg = Release|Any CPU
		{26035FC2-BCEA-400B-9D3D-43C2D2844517}.Release|Any CPU.Build.0 = Release|Any CPU
	EndGlobalSection
EndGlobal
